
Microsoft Visual Studio Solution File, Format Version 12.00
# Visual Studio Version 16
VisualStudioVersion = 16.0.810.20
MinimumVisualStudioVersion = 10.0.40219.1
Project("{FAE04EC0-301F-11D3-BF4B-00C04F79EFBC}") = "AverageNumber", "AverageNumber\AverageNumber.csproj", "{1FC98745-6764-4AC5-8079-CF83CBD219B7}"
EndProject
Global
	GlobalSection(SolutionConfigurationPlatforms) = preSolution
		Debug|Any CPU = Debug|Any CPU
		Release|Any CPU = Release|Any CPU
	EndGlobalSection
	GlobalSection(ProjectConfigurationPlatforms) = postSolution
		{1FC98745-6764-4AC5-8079-CF83CBD219B7}.Debug|Any CPU.ActiveCfg = Debug|Any CPU
		{1FC98745-6764-4AC5-8079-CF83CBD219B7}.Debug|Any CPU.Build.0 = Debug|Any CPU
		{1FC98745-6764-4AC5-8079-CF83CBD219B7}.Release|Any CPU.ActiveCfg = Release|Any CPU
		{1FC98745-6764-4AC5-8079-CF83CBD219B7}.Release|Any CPU.Build.0 = Release|Any CPU
	EndGlobalSection
	GlobalSection(SolutionProperties) = preSolution
		HideSolutionNode = FALSE
	EndGlobalSection
	GlobalSection(ExtensibilityGlobals) = postSolution
		SolutionGuid = {6DDA33C8-1EB9-40D3-B15C-ADF746C930C7}
	EndGlobalSection
EndGlobal
